PODS:
  - agora_rtc_engine (6.5.0):
    - AgoraIrisRTC_iOS (= 4.5.0-build.1)
    - AgoraRtcEngine_iOS (= 4.5.0)
    - Flutter
  - AgoraInfra_iOS (1.2.13)
  - AgoraIrisRTC_iOS (4.5.0-build.1)
  - AgoraRtcEngine_iOS (4.5.0):
    - AgoraRtcEngine_iOS/AIAEC (= 4.5.0)
    - AgoraRtcEngine_iOS/AIAECLL (= 4.5.0)
    - AgoraRtcEngine_iOS/AINS (= 4.5.0)
    - AgoraRtcEngine_iOS/AINSLL (= 4.5.0)
    - AgoraRtcEngine_iOS/AudioBeauty (= 4.5.0)
    - AgoraRtcEngine_iOS/ClearVision (= 4.5.0)
    - AgoraRtcEngine_iOS/ContentInspect (= 4.5.0)
    - AgoraRtcEngine_iOS/FaceCapture (= 4.5.0)
    - AgoraRtcEngine_iOS/FaceDetection (= 4.5.0)
    - AgoraRtcEngine_iOS/LipSync (= 4.5.0)
    - AgoraRtcEngine_iOS/ReplayKit (= 4.5.0)
    - AgoraRtcEngine_iOS/RtcBasic (= 4.5.0)
    - AgoraRtcEngine_iOS/SpatialAudio (= 4.5.0)
    - AgoraRtcEngine_iOS/VideoAv1CodecDec (= 4.5.0)
    - AgoraRtcEngine_iOS/VideoAv1CodecEnc (= 4.5.0)
    - AgoraRtcEngine_iOS/VideoCodecDec (= 4.5.0)
    - AgoraRtcEngine_iOS/VideoCodecEnc (= 4.5.0)
    - AgoraRtcEngine_iOS/VirtualBackground (= 4.5.0)
    - AgoraRtcEngine_iOS/VQA (= 4.5.0)
  - AgoraRtcEngine_iOS/AIAEC (4.5.0)
  - AgoraRtcEngine_iOS/AIAECLL (4.5.0)
  - AgoraRtcEngine_iOS/AINS (4.5.0)
  - AgoraRtcEngine_iOS/AINSLL (4.5.0)
  - AgoraRtcEngine_iOS/AudioBeauty (4.5.0)
  - AgoraRtcEngine_iOS/ClearVision (4.5.0)
  - AgoraRtcEngine_iOS/ContentInspect (4.5.0)
  - AgoraRtcEngine_iOS/FaceCapture (4.5.0)
  - AgoraRtcEngine_iOS/FaceDetection (4.5.0)
  - AgoraRtcEngine_iOS/LipSync (4.5.0)
  - AgoraRtcEngine_iOS/ReplayKit (4.5.0)
  - AgoraRtcEngine_iOS/RtcBasic (4.5.0):
    - AgoraInfra_iOS (= 1.2.13)
  - AgoraRtcEngine_iOS/SpatialAudio (4.5.0)
  - AgoraRtcEngine_iOS/VideoAv1CodecDec (4.5.0)
  - AgoraRtcEngine_iOS/VideoAv1CodecEnc (4.5.0)
  - AgoraRtcEngine_iOS/VideoCodecDec (4.5.0)
  - AgoraRtcEngine_iOS/VideoCodecEnc (4.5.0)
  - AgoraRtcEngine_iOS/VirtualBackground (4.5.0)
  - AgoraRtcEngine_iOS/VQA (4.5.0)
  - AppAuth (1.7.6):
    - AppAuth/Core (= 1.7.6)
    - AppAuth/ExternalUserAgent (= 1.7.6)
  - AppAuth/Core (1.7.6)
  - AppAuth/ExternalUserAgent (1.7.6):
    - AppAuth/Core
  - connectivity_plus (0.0.1):
    - Flutter
  - Flutter (1.0.0)
  - fluttertoast (0.0.2):
    - Flutter
  - geocoding_ios (1.0.5):
    - Flutter
  - geolocator_apple (1.2.0):
    - Flutter
  - google_sign_in_ios (0.0.1):
    - AppAuth (>= 1.7.4)
    - Flutter
    - FlutterMacOS
    - GoogleSignIn (~> 7.1)
    - GTMSessionFetcher (>= 3.4.0)
  - GoogleSignIn (7.1.0):
    - AppAuth (< 2.0, >= 1.7.3)
    - GTMAppAuth (< 5.0, >= 4.1.1)
    - GTMSessionFetcher/Core (~> 3.3)
  - GTMAppAuth (4.1.1):
    - AppAuth/Core (~> 1.7)
    - GTMSessionFetcher/Core (< 4.0, >= 3.3)
  - GTMSessionFetcher (3.5.0):
    - GTMSessionFetcher/Full (= 3.5.0)
  - GTMSessionFetcher/Core (3.5.0)
  - GTMSessionFetcher/Full (3.5.0):
    - GTMSessionFetcher/Core
  - iris_method_channel (0.0.1):
    - Flutter
  - nb_utils (0.0.1):
    - Flutter
  - package_info_plus (0.4.5):
    - Flutter
  - path_provider_foundation (0.0.1):
    - Flutter
    - FlutterMacOS
  - "permission_handler (5.1.0+2)":
    - Flutter
  - shared_preferences_foundation (0.0.1):
    - Flutter
    - FlutterMacOS

DEPENDENCIES:
  - agora_rtc_engine (from `.symlinks/plugins/agora_rtc_engine/ios`)
  - connectivity_plus (from `.symlinks/plugins/connectivity_plus/ios`)
  - Flutter (from `Flutter`)
  - fluttertoast (from `.symlinks/plugins/fluttertoast/ios`)
  - geocoding_ios (from `.symlinks/plugins/geocoding_ios/ios`)
  - geolocator_apple (from `.symlinks/plugins/geolocator_apple/ios`)
  - google_sign_in_ios (from `.symlinks/plugins/google_sign_in_ios/darwin`)
  - iris_method_channel (from `.symlinks/plugins/iris_method_channel/ios`)
  - nb_utils (from `.symlinks/plugins/nb_utils/ios`)
  - package_info_plus (from `.symlinks/plugins/package_info_plus/ios`)
  - path_provider_foundation (from `.symlinks/plugins/path_provider_foundation/darwin`)
  - permission_handler (from `.symlinks/plugins/permission_handler/ios`)
  - shared_preferences_foundation (from `.symlinks/plugins/shared_preferences_foundation/darwin`)

SPEC REPOS:
  trunk:
    - AgoraInfra_iOS
    - AgoraIrisRTC_iOS
    - AgoraRtcEngine_iOS
    - AppAuth
    - GoogleSignIn
    - GTMAppAuth
    - GTMSessionFetcher

EXTERNAL SOURCES:
  agora_rtc_engine:
    :path: ".symlinks/plugins/agora_rtc_engine/ios"
  connectivity_plus:
    :path: ".symlinks/plugins/connectivity_plus/ios"
  Flutter:
    :path: Flutter
  fluttertoast:
    :path: ".symlinks/plugins/fluttertoast/ios"
  geocoding_ios:
    :path: ".symlinks/plugins/geocoding_ios/ios"
  geolocator_apple:
    :path: ".symlinks/plugins/geolocator_apple/ios"
  google_sign_in_ios:
    :path: ".symlinks/plugins/google_sign_in_ios/darwin"
  iris_method_channel:
    :path: ".symlinks/plugins/iris_method_channel/ios"
  nb_utils:
    :path: ".symlinks/plugins/nb_utils/ios"
  package_info_plus:
    :path: ".symlinks/plugins/package_info_plus/ios"
  path_provider_foundation:
    :path: ".symlinks/plugins/path_provider_foundation/darwin"
  permission_handler:
    :path: ".symlinks/plugins/permission_handler/ios"
  shared_preferences_foundation:
    :path: ".symlinks/plugins/shared_preferences_foundation/darwin"

SPEC CHECKSUMS:
  agora_rtc_engine: bc056a728ed1be8261074a4baf3487e99a6c9a9a
  AgoraInfra_iOS: 65e11a2183ab7836258768868d06058c22701b13
  AgoraIrisRTC_iOS: 8207edf56ceaae6b8ee773d8e2137c6b7cb062be
  AgoraRtcEngine_iOS: 38b5e0a49bbad5616f284e6a4f9e4f5bb3fb3b2e
  AppAuth: d4f13a8fe0baf391b2108511793e4b479691fb73
  connectivity_plus: cb623214f4e1f6ef8fe7403d580fdad517d2f7dd
  Flutter: e0871f40cf51350855a761d2e70bf5af5b9b5de7
  fluttertoast: 2c67e14dce98bbdb200df9e1acf610d7a6264ea1
  geocoding_ios: 86f1c479822f07a2f79f7094f2b753d1e9e20215
  geolocator_apple: 1560c3c875af2a412242c7a923e15d0d401966ff
  google_sign_in_ios: 19297361f2c51d7d8ac0201b866ef1fa5d1f94a8
  GoogleSignIn: d4281ab6cf21542b1cfaff85c191f230b399d2db
  GTMAppAuth: f69bd07d68cd3b766125f7e072c45d7340dea0de
  GTMSessionFetcher: 5aea5ba6bd522a239e236100971f10cb71b96ab6
  iris_method_channel: b9db2053dac3dc84e256c8792eff6f11323a53bd
  nb_utils: f4e2d76a9018f7ac0ed7823d8efd6eca639c01a5
  package_info_plus: af8e2ca6888548050f16fa2f1938db7b5a5df499
  path_provider_foundation: 080d55be775b7414fd5a5ef3ac137b97b097e564
  permission_handler: a6eb0c0a10e733fc3e1dcea4e2d426beb7c91064
  shared_preferences_foundation: 9e1978ff2562383bd5676f64ec4e9aa8fa06a6f7

PODFILE CHECKSUM: 819463e6a0290f5a72f145ba7cde16e8b6ef0796

COCOAPODS: 1.16.2
